
Microsoft Visual Studio Solution File, Format Version 12.00
Project("{FAE04EC0-301F-11D3-BF4B-00C04F79EFBC}") = "UNIX_COMMANDS", "UNIX_COMMANDS.csproj", "{6BF5E4CD-0A47-4936-95E2-921EA1E75E0D}"
EndProject
Global
	GlobalSection(SolutionConfigurationPlatforms) = preSolution
		Debug|Any CPU = Debug|Any CPU
		Release|Any CPU = Release|Any CPU
	EndGlobalSection
	GlobalSection(ProjectConfigurationPlatforms) = postSolution
		{6BF5E4CD-0A47-4936-95E2-921EA1E75E0D}.Debug|Any CPU.ActiveCfg = Debug|Any CPU
		{6BF5E4CD-0A47-4936-95E2-921EA1E75E0D}.Debug|Any CPU.Build.0 = Debug|Any CPU
		{6BF5E4CD-0A47-4936-95E2-921EA1E75E0D}.Release|Any CPU.ActiveCfg = Release|Any CPU
		{6BF5E4CD-0A47-4936-95E2-921EA1E75E0D}.Release|Any CPU.Build.0 = Release|Any CPU
	EndGlobalSection
EndGlobal
